lockfileVersion: '9.0'

settings:
  autoInstallPeers: true
  excludeLinksFromLockfile: false

importers:

  .:
    dependencies:
      '@deepseek-ai/cordis':
        specifier: ^4.0.1
        version: 4.0.1
      '@deepseek-ai/dsh-credentials':
        specifier: 0.0.1-rc.1
        version: 0.0.1-rc.1(@deepseek-ai/cordis@4.0.1)(@deepseek-ai/dsh-brand@0.0.1-rc.1(@deepseek-ai/cordis@4.0.1)(@deepseek-ai/dsh-invariants@0.0.1-rc.1(@deepseek-ai/cordis@4.0.1)))(@deepseek-ai/dsh-invariants@0.0.1-rc.1(@deepseek-ai/cordis@4.0.1))
      '@deepseek-ai/dsh-llm':
        specifier: ^0.1.0-rc.7
        version: 0.1.0-rc.7(@deepseek-ai/cordis@4.0.1)(@deepseek-ai/dsh-attachment@0.1.0-rc.7(@deepseek-ai/cordis@4.0.1)(@deepseek-ai/dsh-brand@0.1.0-rc.7(@deepseek-ai/cordis@4.0.1)(@deepseek-ai/dsh-invariants@0.1.0-rc.7(@deepseek-ai/cordis@4.0.1)))(@deepseek-ai/dsh-invariants@0.1.0-rc.7(@deepseek-ai/cordis@4.0.1)))(@deepseek-ai/dsh-brand@0.1.0-rc.7(@deepseek-ai/cordis@4.0.1)(@deepseek-ai/dsh-invariants@0.1.0-rc.7(@deepseek-ai/cordis@4.0.1)))(@deepseek-ai/dsh-invariants@0.1.0-rc.7(@deepseek-ai/cordis@4.0.1))(@deepseek-ai/dsh-timeout@0.1.0-rc.7(@deepseek-ai/cordis@4.0.1)(@deepseek-ai/dsh-invariants@0.1.0-rc.7(@deepseek-ai/cordis@4.0.1)))
      '@deepseek-ai/dsh-tools':
        specifier: ^0.1.0-rc.7
        version: 0.1.0-rc.7(38c91eb2d47c5b4ba2c8ead86dfcb4aa)
      '@deepseek-ai/schemastery':
        specifier: ^3.18.1
        version: 3.18.1
      '@firecrawl/anydoc':
        specifier: ^0.1.9
        version: 0.1.9

packages:

  '@deepseek-ai/cordis@4.0.1':
    resolution: {integrity: sha512-YBdskTU2Po1kru3GgcUWUbkTsPMA9LkSQDAY8rBkFJeajdgcQad3QPJZE26JyK99Xb6HaASvoXg2DSUTeN/0Nw==}
    hasBin: true
    peerDependencies:
      '@deepseek-ai/cordis-plugin-include': ^1.0.6
      '@deepseek-ai/cordis-plugin-loader': ^1.0.2
    peerDependenciesMeta:
      '@deepseek-ai/cordis-plugin-include':
        optional: true
      '@deepseek-ai/cordis-plugin-loader':
        optional: true

  '@deepseek-ai/cosmokit@1.8.2':
    resolution: {integrity: sha512-muBOKtSrUKU5m/xpq8ZXWL6hQ/jgd4PhU2PqH97bcxIiLEJfNwZOGQEx4t/aS/GgxRAR+ra9pMHPMtTHU4sqqA==}

  '@deepseek-ai/dsh-agent@0.1.0-rc.7':
    resolution: {integrity: sha512-AqBQavJYgbCUUYBHP7OGCaw8WN5082NXYQOoOfNRO72bub3E+/nWkl8b4B7BAJdFfyLo9ce+Kgb1BCHSJU/JLg==}
    peerDependencies:
      '@deepseek-ai/cordis': ^4.0.1
      '@deepseek-ai/dsh-invariants': ^0.1.0-rc.7
      '@deepseek-ai/dsh-llm': ^0.1.0-rc.7
      '@deepseek-ai/dsh-scope': ^0.1.0-rc.7
      '@deepseek-ai/dsh-session': ^0.1.0-rc.7
      '@deepseek-ai/dsh-system-prompt': ^0.1.0-rc.7
      '@deepseek-ai/dsh-typert-protocol': ^0.1.0-rc.7

  '@deepseek-ai/dsh-attachment@0.1.0-rc.7':
    resolution: {integrity: sha512-rsR/xVNOGIig8gXxhrKnkd6YD7aYliGtA/e7b4DlPawMpLhsItAh0HQ832n8LJn1aGZxKf68y9PRgzfljsveOQ==}
    peerDependencies:
      '@deepseek-ai/cordis': ^4.0.1
      '@deepseek-ai/dsh-brand': ^0.1.0-rc.7
      '@deepseek-ai/dsh-invariants': ^0.1.0-rc.7

  '@deepseek-ai/dsh-brand@0.0.1-rc.1':
    resolution: {integrity: sha512-XhwNAugG/baCVA+BMMvjihYi9XMLcDUew3G63i+ATWIZCvpx8CghbgcV93DEeMH2sqhNuQAssmHgXkpRld3gyQ==}
    peerDependencies:
      '@deepseek-ai/cordis': ^4.0.1-rc.1
      '@deepseek-ai/dsh-invariants': ^0.0.1-rc.1

  '@deepseek-ai/dsh-brand@0.1.0-rc.7':
    resolution: {integrity: sha512-P7+w0fN40yXXQkV360p6jQi63pcl68OOWebNGN5gf8w8sguvni2mA1cU8RLZzDkRNFSZD+BCw3D4uWYM+hhh7A==}
    peerDependencies:
      '@deepseek-ai/cordis': ^4.0.1
      '@deepseek-ai/dsh-invariants': ^0.1.0-rc.7

  '@deepseek-ai/dsh-code-runtime@0.1.0-rc.7':
    resolution: {integrity: sha512-vzW82eU4so0qJQ/XS7BGBUSguJMAgEOW3GaJJW0g+W5ysBJg+UC/Jjo1Np8mPjSpjjl4eoyXpshJzrwjoxCpRg==}
    peerDependencies:
      '@deepseek-ai/cordis': ^4.0.1
      '@deepseek-ai/dsh-invariants': ^0.1.0-rc.7

  '@deepseek-ai/dsh-credentials@0.0.1-rc.1':
    resolution: {integrity: sha512-9y+lWKn2+NubLCpC/lsz9BiYDZHZcWMoYE3cAHJqnlVw0SygUh9D7I81DGqlV9LqY7Z0Y/gxsZcR7sfEMCw4Wg==}
    peerDependencies:
      '@deepseek-ai/cordis': ^4.0.1-rc.1
      '@deepseek-ai/dsh-brand': ^0.0.1-rc.1
      '@deepseek-ai/dsh-invariants': ^0.0.1-rc.1

  '@deepseek-ai/dsh-invariants@0.0.1-rc.1':
    resolution: {integrity: sha512-ZoGCGColviu3Tkdnv9hMkgBE4eg0hAz5GXR/knqRf7mJUeBlTCya2dIckYlqekYmp5L+1AeWxf9j+Lv1YRcvXw==}
    peerDependencies:
      '@deepseek-ai/cordis': ^4.0.1-rc.1

  '@deepseek-ai/dsh-invariants@0.1.0-rc.7':
    resolution: {integrity: sha512-PnO1F4aZGUmqZPyuPJpBUfQ4DZmjCGCNGr0yuN2iURTP/e6h0kGnTNTYgR2NqMvAtpP66WNiHhvH2LMqumk1+A==}
    peerDependencies:
      '@deepseek-ai/cordis': ^4.0.1

  '@deepseek-ai/dsh-llm@0.1.0-rc.7':
    resolution: {integrity: sha512-VaB9kQ8XOA+R5jtsWf92QMc1WpaatEAFUvQePGUYrzQ7Z86b9VhQQzmchh5VmknT4oRSSdn0re5tReCvfcYNXQ==}
    peerDependencies:
      '@deepseek-ai/cordis': ^4.0.1
      '@deepseek-ai/dsh-attachment': ^0.1.0-rc.7
      '@deepseek-ai/dsh-brand': ^0.1.0-rc.7
      '@deepseek-ai/dsh-invariants': ^0.1.0-rc.7
      '@deepseek-ai/dsh-timeout': ^0.1.0-rc.7

  '@deepseek-ai/dsh-scope@0.1.0-rc.7':
    resolution: {integrity: sha512-8gn+sANXhpv+9egbNwq49/uI3XhbmB33obo9yMyzyzruan3zFoxeH4UV54jTC2hjbu8gFNPsyNam9AAtRV8/Cg==}
    peerDependencies:
      '@deepseek-ai/cordis': ^4.0.1
      '@deepseek-ai/dsh-invariants': ^0.1.0-rc.7

  '@deepseek-ai/dsh-session@0.1.0-rc.7':
    resolution: {integrity: sha512-02WVTkqIH+TyDL7dhMN3Hm+qcTEdhD0fVDC0aIAyND2fBdXj3CagEXXvpmt3mzwWfKwOTGL1RdxtC6pMA4Bl1A==}
    peerDependencies:
      '@deepseek-ai/cordis': ^4.0.1
      '@deepseek-ai/dsh-brand': ^0.1.0-rc.7
      '@deepseek-ai/dsh-invariants': ^0.1.0-rc.7
      '@deepseek-ai/dsh-llm': ^0.1.0-rc.7
      '@deepseek-ai/dsh-scope': ^0.1.0-rc.7
      '@deepseek-ai/dsh-typert-protocol': ^0.1.0-rc.7

  '@deepseek-ai/dsh-system-prompt@0.1.0-rc.7':
    resolution: {integrity: sha512-Rair2ZkzgoIIr+UstYVYeqeUgORNPIW1LNcsXz3Zjglx4FGjsmzs0UALdNYvSBpBvCLNmt4E6+XQIrBbS/s9jw==}
    peerDependencies:
      '@deepseek-ai/cordis': ^4.0.1
      '@deepseek-ai/dsh-invariants': ^0.1.0-rc.7
      '@deepseek-ai/dsh-llm': ^0.1.0-rc.7
      '@deepseek-ai/dsh-scope': ^0.1.0-rc.7

  '@deepseek-ai/dsh-timeout@0.1.0-rc.7':
    resolution: {integrity: sha512-Ufl9G7zP7Tky/zkXscavEiolEfAwutfbPeLb5sUU/tPQlDykhh1NwGrarNJ11fdR723zmA/3co4LgxtDtWCOEQ==}
    peerDependencies:
      '@deepseek-ai/cordis': ^4.0.1
      '@deepseek-ai/dsh-invariants': ^0.1.0-rc.7

  '@deepseek-ai/dsh-tools@0.1.0-rc.7':
    resolution: {integrity: sha512-7Kq3EEv354aNcxbS0NRfxxyJiZhCsvFV/03a3MdkYO/gG2eM9+E4xQum0N2FL5bw7JiGlgw8jdLMkcNGmavEaA==}
    peerDependencies:
      '@deepseek-ai/cordis': ^4.0.1
      '@deepseek-ai/dsh-agent': ^0.1.0-rc.7
      '@deepseek-ai/dsh-code-runtime': ^0.1.0-rc.7
      '@deepseek-ai/dsh-invariants': ^0.1.0-rc.7
      '@deepseek-ai/dsh-llm': ^0.1.0-rc.7
      '@deepseek-ai/dsh-scope': ^0.1.0-rc.7
      '@deepseek-ai/dsh-session': ^0.1.0-rc.7
      '@deepseek-ai/dsh-system-prompt': ^0.1.0-rc.7
      '@deepseek-ai/dsh-user-approval': ^0.1.0-rc.7

  '@deepseek-ai/dsh-typert-protocol@0.1.0-rc.7':
    resolution: {integrity: sha512-R7qdvaRRHbz5xijoVOxueeBB/VT0eDzuQNQN4iNEBUbI/L9xG9bZutktTQlgrIlBSn1sPH4pLqiCiM6ErQPTaQ==}
    peerDependencies:
      '@deepseek-ai/cordis': ^4.0.1
      '@deepseek-ai/dsh-invariants': ^0.1.0-rc.7

  '@deepseek-ai/dsh-user-approval@0.1.0-rc.7':
    resolution: {integrity: sha512-kYMpU6eg1m1BcfSC4FLWUcNH/QAE8tcu0WRkQzqzoCw8bK/Nl3dqHtd2qSVzI/emIviTulM5I230e4wPi/kuVg==}
    peerDependencies:
      '@deepseek-ai/cordis': ^4.0.1
      '@deepseek-ai/dsh-agent': ^0.1.0-rc.7
      '@deepseek-ai/dsh-brand': ^0.1.0-rc.7
      '@deepseek-ai/dsh-invariants': ^0.1.0-rc.7
      '@deepseek-ai/dsh-llm': ^0.1.0-rc.7
      '@deepseek-ai/dsh-scope': ^0.1.0-rc.7
      '@deepseek-ai/dsh-session': ^0.1.0-rc.7
      '@deepseek-ai/dsh-system-prompt': ^0.1.0-rc.7

  '@deepseek-ai/schemastery@3.18.1':
    resolution: {integrity: sha512-Qn0FCSwCQnpnj6SB31I6i2sIKgKWnkbJM8O0EU91Gv2UsYVvtZTl6IA0sCwk2e2MZf5S8w5hpq9QkeVvK9qwxg==}

  '@firecrawl/anydoc-darwin-arm64@0.1.9':
    resolution: {integrity: sha512-r7LQfF8nLArQmeMIeTWOeItqe3ktLO0DsuJWU/LvscGqGY+OPhdxRRvUU2vYOEbZUEqWW+FJWzV7Nni9JHLapw==}
    engines: {node: '>= 20'}
    cpu: [arm64]
    os: [darwin]

  '@firecrawl/anydoc-darwin-x64@0.1.9':
    resolution: {integrity: sha512-/9jNFk4Waxm88PgxnrFO7vRyjqTPQvr37ABPQZKuBLAI+fhhVAYbyVhFvSrF2694yVXg84qdg0kws+5DtTzCog==}
    engines: {node: '>= 20'}
    cpu: [x64]
    os: [darwin]

  '@firecrawl/anydoc-linux-arm64-gnu@0.1.9':
    resolution: {integrity: sha512-FtPDamesoHW3NUDQVWWsjtt5H6oqObtcOwCwREnKRjNqnEVkIE9eW3/vElbGrZlrqlcPz4OLLAI4fGJUUKh3kQ==}
    engines: {node: '>= 20'}
    cpu: [arm64]
    os: [linux]
    libc: [glibc]

  '@firecrawl/anydoc-linux-arm64-musl@0.1.9':
    resolution: {integrity: sha512-fvhEB45eo7xxfev3h+c3+gKhNrUvgMOKBrZol3R2Sljp97oVL2HyC4Mwqq+nqLW0yOH9qGikDgwlLLESD3gYSQ==}
    engines: {node: '>= 20'}
    cpu: [arm64]
    os: [linux]
    libc: [musl]

  '@firecrawl/anydoc-linux-x64-gnu@0.1.9':
    resolution: {integrity: sha512-12Fbby9ZxXNdGVuObBSIJTmJhmjm6MFjZinunjRR3j92cFLJiYeXYRHk8iYReSEXbgat0i34AfkY15uTjXoAng==}
    engines: {node: '>= 20'}
    cpu: [x64]
    os: [linux]
    libc: [glibc]

  '@firecrawl/anydoc-linux-x64-musl@0.1.9':
    resolution: {integrity: sha512-Y8VhjazuAAqBuuOZPEw5QwB0u7WX6EIKP8E3q/LGTKTIJsjl0tK6Hjcgxdg52SiF/aa1fB4oHx2UK2ojB1V2rA==}
    engines: {node: '>= 20'}
    cpu: [x64]
    os: [linux]
    libc: [musl]

  '@firecrawl/anydoc-win32-x64-msvc@0.1.9':
    resolution: {integrity: sha512-SRX+GrFn+R/hTwSxJvJzKW0S+zn2vxJnolI9RTrn8HtNlyQUnvxB8PulzxvgBVV82kA3/ZTvGUKokH/SQe8sqg==}
    engines: {node: '>= 20'}
    cpu: [x64]
    os: [win32]

  '@firecrawl/anydoc@0.1.9':
    resolution: {integrity: sha512-WT4PiXAYWsTOk65pH6MKmM8yB27Vj5NyAnc29pVAZtJSf9DO5QBCDKOU+iFai4t11N1Qjs1QuCLrp9DMIeRITQ==}
    engines: {node: '>= 20'}
    hasBin: true

  '@standard-schema/spec@1.1.0':
    resolution: {integrity: sha512-l2aFy5jALhniG5HgqrD6jXLi/rUWrKvqN/qJx6yoJsgKhblVd+iqqU4RCXavm/jPityDo5TCvKMnpjKnOriy0w==}

snapshots:

  '@deepseek-ai/cordis@4.0.1':
    dependencies:
      '@deepseek-ai/cosmokit': 1.8.2
      '@standard-schema/spec': 1.1.0

  '@deepseek-ai/cosmokit@1.8.2': {}

  '@deepseek-ai/dsh-agent@0.1.0-rc.7(1e28fca6adb316c000fd361f8e5f3a08)':
    dependencies:
      '@deepseek-ai/cordis': 4.0.1
      '@deepseek-ai/dsh-invariants': 0.1.0-rc.7(@deepseek-ai/cordis@4.0.1)
      '@deepseek-ai/dsh-llm': 0.1.0-rc.7(@deepseek-ai/cordis@4.0.1)(@deepseek-ai/dsh-attachment@0.1.0-rc.7(@deepseek-ai/cordis@4.0.1)(@deepseek-ai/dsh-brand@0.1.0-rc.7(@deepseek-ai/cordis@4.0.1)(@deepseek-ai/dsh-invariants@0.1.0-rc.7(@deepseek-ai/cordis@4.0.1)))(@deepseek-ai/dsh-invariants@0.1.0-rc.7(@deepseek-ai/cordis@4.0.1)))(@deepseek-ai/dsh-brand@0.1.0-rc.7(@deepseek-ai/cordis@4.0.1)(@deepseek-ai/dsh-invariants@0.1.0-rc.7(@deepseek-ai/cordis@4.0.1)))(@deepseek-ai/dsh-invariants@0.1.0-rc.7(@deepseek-ai/cordis@4.0.1))(@deepseek-ai/dsh-timeout@0.1.0-rc.7(@deepseek-ai/cordis@4.0.1)(@deepseek-ai/dsh-invariants@0.1.0-rc.7(@deepseek-ai/cordis@4.0.1)))
      '@deepseek-ai/dsh-scope': 0.1.0-rc.7(@deepseek-ai/cordis@4.0.1)(@deepseek-ai/dsh-invariants@0.1.0-rc.7(@deepseek-ai/cordis@4.0.1))
      '@deepseek-ai/dsh-session': 0.1.0-rc.7(1dcde9bfc9fa0140c66648fbcb67b346)
      '@deepseek-ai/dsh-system-prompt': 0.1.0-rc.7(@deepseek-ai/cordis@4.0.1)(@deepseek-ai/dsh-invariants@0.1.0-rc.7(@deepseek-ai/cordis@4.0.1))(@deepseek-ai/dsh-llm@0.1.0-rc.7(@deepseek-ai/cordis@4.0.1)(@deepseek-ai/dsh-attachment@0.1.0-rc.7(@deepseek-ai/cordis@4.0.1)(@deepseek-ai/dsh-brand@0.1.0-rc.7(@deepseek-ai/cordis@4.0.1)(@deepseek-ai/dsh-invariants@0.1.0-rc.7(@deepseek-ai/cordis@4.0.1)))(@deepseek-ai/dsh-invariants@0.1.0-rc.7(@deepseek-ai/cordis@4.0.1)))(@deepseek-ai/dsh-brand@0.1.0-rc.7(@deepseek-ai/cordis@4.0.1)(@deepseek-ai/dsh-invariants@0.1.0-rc.7(@deepseek-ai/cordis@4.0.1)))(@deepseek-ai/dsh-invariants@0.1.0-rc.7(@deepseek-ai/cordis@4.0.1))(@deepseek-ai/dsh-timeout@0.1.0-rc.7(@deepseek-ai/cordis@4.0.1)(@deepseek-ai/dsh-invariants@0.1.0-rc.7(@deepseek-ai/cordis@4.0.1))))(@deepseek-ai/dsh-scope@0.1.0-rc.7(@deepseek-ai/cordis@4.0.1)(@deepseek-ai/dsh-invariants@0.1.0-rc.7(@deepseek-ai/cordis@4.0.1)))
      '@deepseek-ai/dsh-typert-protocol': 0.1.0-rc.7(@deepseek-ai/cordis@4.0.1)(@deepseek-ai/dsh-invariants@0.1.0-rc.7(@deepseek-ai/cordis@4.0.1))

  '@deepseek-ai/dsh-attachment@0.1.0-rc.7(@deepseek-ai/cordis@4.0.1)(@deepseek-ai/dsh-brand@0.1.0-rc.7(@deepseek-ai/cordis@4.0.1)(@deepseek-ai/dsh-invariants@0.1.0-rc.7(@deepseek-ai/cordis@4.0.1)))(@deepseek-ai/dsh-invariants@0.1.0-rc.7(@deepseek-ai/cordis@4.0.1))':
    dependencies:
      '@deepseek-ai/cordis': 4.0.1
      '@deepseek-ai/dsh-brand': 0.1.0-rc.7(@deepseek-ai/cordis@4.0.1)(@deepseek-ai/dsh-invariants@0.1.0-rc.7(@deepseek-ai/cordis@4.0.1))
      '@deepseek-ai/dsh-invariants': 0.1.0-rc.7(@deepseek-ai/cordis@4.0.1)

  '@deepseek-ai/dsh-brand@0.0.1-rc.1(@deepseek-ai/cordis@4.0.1)(@deepseek-ai/dsh-invariants@0.0.1-rc.1(@deepseek-ai/cordis@4.0.1))':
    dependencies:
      '@deepseek-ai/cordis': 4.0.1
      '@deepseek-ai/dsh-invariants': 0.0.1-rc.1(@deepseek-ai/cordis@4.0.1)

  '@deepseek-ai/dsh-brand@0.1.0-rc.7(@deepseek-ai/cordis@4.0.1)(@deepseek-ai/dsh-invariants@0.1.0-rc.7(@deepseek-ai/cordis@4.0.1))':
    dependencies:
      '@deepseek-ai/cordis': 4.0.1
      '@deepseek-ai/dsh-invariants': 0.1.0-rc.7(@deepseek-ai/cordis@4.0.1)

  '@deepseek-ai/dsh-code-runtime@0.1.0-rc.7(@deepseek-ai/cordis@4.0.1)(@deepseek-ai/dsh-invariants@0.1.0-rc.7(@deepseek-ai/cordis@4.0.1))':
    dependencies:
      '@deepseek-ai/cordis': 4.0.1
      '@deepseek-ai/dsh-invariants': 0.1.0-rc.7(@deepseek-ai/cordis@4.0.1)

  '@deepseek-ai/dsh-credentials@0.0.1-rc.1(@deepseek-ai/cordis@4.0.1)(@deepseek-ai/dsh-brand@0.0.1-rc.1(@deepseek-ai/cordis@4.0.1)(@deepseek-ai/dsh-invariants@0.0.1-rc.1(@deepseek-ai/cordis@4.0.1)))(@deepseek-ai/dsh-invariants@0.0.1-rc.1(@deepseek-ai/cordis@4.0.1))':
    dependencies:
      '@deepseek-ai/cordis': 4.0.1
      '@deepseek-ai/dsh-brand': 0.0.1-rc.1(@deepseek-ai/cordis@4.0.1)(@deepseek-ai/dsh-invariants@0.0.1-rc.1(@deepseek-ai/cordis@4.0.1))
      '@deepseek-ai/dsh-invariants': 0.0.1-rc.1(@deepseek-ai/cordis@4.0.1)

  '@deepseek-ai/dsh-invariants@0.0.1-rc.1(@deepseek-ai/cordis@4.0.1)':
    dependencies:
      '@deepseek-ai/cordis': 4.0.1
      '@deepseek-ai/schemastery': 3.18.1

  '@deepseek-ai/dsh-invariants@0.1.0-rc.7(@deepseek-ai/cordis@4.0.1)':
    dependencies:
      '@deepseek-ai/cordis': 4.0.1
      '@deepseek-ai/schemastery': 3.18.1

  '@deepseek-ai/dsh-llm@0.1.0-rc.7(@deepseek-ai/cordis@4.0.1)(@deepseek-ai/dsh-attachment@0.1.0-rc.7(@deepseek-ai/cordis@4.0.1)(@deepseek-ai/dsh-brand@0.1.0-rc.7(@deepseek-ai/cordis@4.0.1)(@deepseek-ai/dsh-invariants@0.1.0-rc.7(@deepseek-ai/cordis@4.0.1)))(@deepseek-ai/dsh-invariants@0.1.0-rc.7(@deepseek-ai/cordis@4.0.1)))(@deepseek-ai/dsh-brand@0.1.0-rc.7(@deepseek-ai/cordis@4.0.1)(@deepseek-ai/dsh-invariants@0.1.0-rc.7(@deepseek-ai/cordis@4.0.1)))(@deepseek-ai/dsh-invariants@0.1.0-rc.7(@deepseek-ai/cordis@4.0.1))(@deepseek-ai/dsh-timeout@0.1.0-rc.7(@deepseek-ai/cordis@4.0.1)(@deepseek-ai/dsh-invariants@0.1.0-rc.7(@deepseek-ai/cordis@4.0.1)))':
    dependencies:
      '@deepseek-ai/cordis': 4.0.1
      '@deepseek-ai/dsh-attachment': 0.1.0-rc.7(@deepseek-ai/cordis@4.0.1)(@deepseek-ai/dsh-brand@0.1.0-rc.7(@deepseek-ai/cordis@4.0.1)(@deepseek-ai/dsh-invariants@0.1.0-rc.7(@deepseek-ai/cordis@4.0.1)))(@deepseek-ai/dsh-invariants@0.1.0-rc.7(@deepseek-ai/cordis@4.0.1))
      '@deepseek-ai/dsh-brand': 0.1.0-rc.7(@deepseek-ai/cordis@4.0.1)(@deepseek-ai/dsh-invariants@0.1.0-rc.7(@deepseek-ai/cordis@4.0.1))
      '@deepseek-ai/dsh-invariants': 0.1.0-rc.7(@deepseek-ai/cordis@4.0.1)
      '@deepseek-ai/dsh-timeout': 0.1.0-rc.7(@deepseek-ai/cordis@4.0.1)(@deepseek-ai/dsh-invariants@0.1.0-rc.7(@deepseek-ai/cordis@4.0.1))
      '@deepseek-ai/schemastery': 3.18.1

  '@deepseek-ai/dsh-scope@0.1.0-rc.7(@deepseek-ai/cordis@4.0.1)(@deepseek-ai/dsh-invariants@0.1.0-rc.7(@deepseek-ai/cordis@4.0.1))':
    dependencies:
      '@deepseek-ai/cordis': 4.0.1
      '@deepseek-ai/dsh-invariants': 0.1.0-rc.7(@deepseek-ai/cordis@4.0.1)

  '@deepseek-ai/dsh-session@0.1.0-rc.7(1dcde9bfc9fa0140c66648fbcb67b346)':
    dependencies:
      '@deepseek-ai/cordis': 4.0.1
      '@deepseek-ai/dsh-brand': 0.1.0-rc.7(@deepseek-ai/cordis@4.0.1)(@deepseek-ai/dsh-invariants@0.1.0-rc.7(@deepseek-ai/cordis@4.0.1))
      '@deepseek-ai/dsh-invariants': 0.1.0-rc.7(@deepseek-ai/cordis@4.0.1)
      '@deepseek-ai/dsh-llm': 0.1.0-rc.7(@deepseek-ai/cordis@4.0.1)(@deepseek-ai/dsh-attachment@0.1.0-rc.7(@deepseek-ai/cordis@4.0.1)(@deepseek-ai/dsh-brand@0.1.0-rc.7(@deepseek-ai/cordis@4.0.1)(@deepseek-ai/dsh-invariants@0.1.0-rc.7(@deepseek-ai/cordis@4.0.1)))(@deepseek-ai/dsh-invariants@0.1.0-rc.7(@deepseek-ai/cordis@4.0.1)))(@deepseek-ai/dsh-brand@0.1.0-rc.7(@deepseek-ai/cordis@4.0.1)(@deepseek-ai/dsh-invariants@0.1.0-rc.7(@deepseek-ai/cordis@4.0.1)))(@deepseek-ai/dsh-invariants@0.1.0-rc.7(@deepseek-ai/cordis@4.0.1))(@deepseek-ai/dsh-timeout@0.1.0-rc.7(@deepseek-ai/cordis@4.0.1)(@deepseek-ai/dsh-invariants@0.1.0-rc.7(@deepseek-ai/cordis@4.0.1)))
      '@deepseek-ai/dsh-scope': 0.1.0-rc.7(@deepseek-ai/cordis@4.0.1)(@deepseek-ai/dsh-invariants@0.1.0-rc.7(@deepseek-ai/cordis@4.0.1))
      '@deepseek-ai/dsh-typert-protocol': 0.1.0-rc.7(@deepseek-ai/cordis@4.0.1)(@deepseek-ai/dsh-invariants@0.1.0-rc.7(@deepseek-ai/cordis@4.0.1))

  '@deepseek-ai/dsh-system-prompt@0.1.0-rc.7(@deepseek-ai/cordis@4.0.1)(@deepseek-ai/dsh-invariants@0.1.0-rc.7(@deepseek-ai/cordis@4.0.1))(@deepseek-ai/dsh-llm@0.1.0-rc.7(@deepseek-ai/cordis@4.0.1)(@deepseek-ai/dsh-attachment@0.1.0-rc.7(@deepseek-ai/cordis@4.0.1)(@deepseek-ai/dsh-brand@0.1.0-rc.7(@deepseek-ai/cordis@4.0.1)(@deepseek-ai/dsh-invariants@0.1.0-rc.7(@deepseek-ai/cordis@4.0.1)))(@deepseek-ai/dsh-invariants@0.1.0-rc.7(@deepseek-ai/cordis@4.0.1)))(@deepseek-ai/dsh-brand@0.1.0-rc.7(@deepseek-ai/cordis@4.0.1)(@deepseek-ai/dsh-invariants@0.1.0-rc.7(@deepseek-ai/cordis@4.0.1)))(@deepseek-ai/dsh-invariants@0.1.0-rc.7(@deepseek-ai/cordis@4.0.1))(@deepseek-ai/dsh-timeout@0.1.0-rc.7(@deepseek-ai/cordis@4.0.1)(@deepseek-ai/dsh-invariants@0.1.0-rc.7(@deepseek-ai/cordis@4.0.1))))(@deepseek-ai/dsh-scope@0.1.0-rc.7(@deepseek-ai/cordis@4.0.1)(@deepseek-ai/dsh-invariants@0.1.0-rc.7(@deepseek-ai/cordis@4.0.1)))':
    dependencies:
      '@deepseek-ai/cordis': 4.0.1
      '@deepseek-ai/dsh-invariants': 0.1.0-rc.7(@deepseek-ai/cordis@4.0.1)
      '@deepseek-ai/dsh-llm': 0.1.0-rc.7(@deepseek-ai/cordis@4.0.1)(@deepseek-ai/dsh-attachment@0.1.0-rc.7(@deepseek-ai/cordis@4.0.1)(@deepseek-ai/dsh-brand@0.1.0-rc.7(@deepseek-ai/cordis@4.0.1)(@deepseek-ai/dsh-invariants@0.1.0-rc.7(@deepseek-ai/cordis@4.0.1)))(@deepseek-ai/dsh-invariants@0.1.0-rc.7(@deepseek-ai/cordis@4.0.1)))(@deepseek-ai/dsh-brand@0.1.0-rc.7(@deepseek-ai/cordis@4.0.1)(@deepseek-ai/dsh-invariants@0.1.0-rc.7(@deepseek-ai/cordis@4.0.1)))(@deepseek-ai/dsh-invariants@0.1.0-rc.7(@deepseek-ai/cordis@4.0.1))(@deepseek-ai/dsh-timeout@0.1.0-rc.7(@deepseek-ai/cordis@4.0.1)(@deepseek-ai/dsh-invariants@0.1.0-rc.7(@deepseek-ai/cordis@4.0.1)))
      '@deepseek-ai/dsh-scope': 0.1.0-rc.7(@deepseek-ai/cordis@4.0.1)(@deepseek-ai/dsh-invariants@0.1.0-rc.7(@deepseek-ai/cordis@4.0.1))
      '@deepseek-ai/schemastery': 3.18.1

  '@deepseek-ai/dsh-timeout@0.1.0-rc.7(@deepseek-ai/cordis@4.0.1)(@deepseek-ai/dsh-invariants@0.1.0-rc.7(@deepseek-ai/cordis@4.0.1))':
    dependencies:
      '@deepseek-ai/cordis': 4.0.1
      '@deepseek-ai/dsh-invariants': 0.1.0-rc.7(@deepseek-ai/cordis@4.0.1)

  '@deepseek-ai/dsh-tools@0.1.0-rc.7(38c91eb2d47c5b4ba2c8ead86dfcb4aa)':
    dependencies:
      '@deepseek-ai/cordis': 4.0.1
      '@deepseek-ai/dsh-agent': 0.1.0-rc.7(1e28fca6adb316c000fd361f8e5f3a08)
      '@deepseek-ai/dsh-code-runtime': 0.1.0-rc.7(@deepseek-ai/cordis@4.0.1)(@deepseek-ai/dsh-invariants@0.1.0-rc.7(@deepseek-ai/cordis@4.0.1))
      '@deepseek-ai/dsh-invariants': 0.1.0-rc.7(@deepseek-ai/cordis@4.0.1)
      '@deepseek-ai/dsh-llm': 0.1.0-rc.7(@deepseek-ai/cordis@4.0.1)(@deepseek-ai/dsh-attachment@0.1.0-rc.7(@deepseek-ai/cordis@4.0.1)(@deepseek-ai/dsh-brand@0.1.0-rc.7(@deepseek-ai/cordis@4.0.1)(@deepseek-ai/dsh-invariants@0.1.0-rc.7(@deepseek-ai/cordis@4.0.1)))(@deepseek-ai/dsh-invariants@0.1.0-rc.7(@deepseek-ai/cordis@4.0.1)))(@deepseek-ai/dsh-brand@0.1.0-rc.7(@deepseek-ai/cordis@4.0.1)(@deepseek-ai/dsh-invariants@0.1.0-rc.7(@deepseek-ai/cordis@4.0.1)))(@deepseek-ai/dsh-invariants@0.1.0-rc.7(@deepseek-ai/cordis@4.0.1))(@deepseek-ai/dsh-timeout@0.1.0-rc.7(@deepseek-ai/cordis@4.0.1)(@deepseek-ai/dsh-invariants@0.1.0-rc.7(@deepseek-ai/cordis@4.0.1)))
      '@deepseek-ai/dsh-scope': 0.1.0-rc.7(@deepseek-ai/cordis@4.0.1)(@deepseek-ai/dsh-invariants@0.1.0-rc.7(@deepseek-ai/cordis@4.0.1))
      '@deepseek-ai/dsh-session': 0.1.0-rc.7(1dcde9bfc9fa0140c66648fbcb67b346)
      '@deepseek-ai/dsh-system-prompt': 0.1.0-rc.7(@deepseek-ai/cordis@4.0.1)(@deepseek-ai/dsh-invariants@0.1.0-rc.7(@deepseek-ai/cordis@4.0.1))(@deepseek-ai/dsh-llm@0.1.0-rc.7(@deepseek-ai/cordis@4.0.1)(@deepseek-ai/dsh-attachment@0.1.0-rc.7(@deepseek-ai/cordis@4.0.1)(@deepseek-ai/dsh-brand@0.1.0-rc.7(@deepseek-ai/cordis@4.0.1)(@deepseek-ai/dsh-invariants@0.1.0-rc.7(@deepseek-ai/cordis@4.0.1)))(@deepseek-ai/dsh-invariants@0.1.0-rc.7(@deepseek-ai/cordis@4.0.1)))(@deepseek-ai/dsh-brand@0.1.0-rc.7(@deepseek-ai/cordis@4.0.1)(@deepseek-ai/dsh-invariants@0.1.0-rc.7(@deepseek-ai/cordis@4.0.1)))(@deepseek-ai/dsh-invariants@0.1.0-rc.7(@deepseek-ai/cordis@4.0.1))(@deepseek-ai/dsh-timeout@0.1.0-rc.7(@deepseek-ai/cordis@4.0.1)(@deepseek-ai/dsh-invariants@0.1.0-rc.7(@deepseek-ai/cordis@4.0.1))))(@deepseek-ai/dsh-scope@0.1.0-rc.7(@deepseek-ai/cordis@4.0.1)(@deepseek-ai/dsh-invariants@0.1.0-rc.7(@deepseek-ai/cordis@4.0.1)))
      '@deepseek-ai/dsh-user-approval': 0.1.0-rc.7(6b8cefd624fd84694a941b103cc9b3fb)
      '@deepseek-ai/schemastery': 3.18.1

  '@deepseek-ai/dsh-typert-protocol@0.1.0-rc.7(@deepseek-ai/cordis@4.0.1)(@deepseek-ai/dsh-invariants@0.1.0-rc.7(@deepseek-ai/cordis@4.0.1))':
    dependencies:
      '@deepseek-ai/cordis': 4.0.1
      '@deepseek-ai/dsh-invariants': 0.1.0-rc.7(@deepseek-ai/cordis@4.0.1)

  '@deepseek-ai/dsh-user-approval@0.1.0-rc.7(6b8cefd624fd84694a941b103cc9b3fb)':
    dependencies:
      '@deepseek-ai/cordis': 4.0.1
      '@deepseek-ai/dsh-agent': 0.1.0-rc.7(1e28fca6adb316c000fd361f8e5f3a08)
      '@deepseek-ai/dsh-brand': 0.1.0-rc.7(@deepseek-ai/cordis@4.0.1)(@deepseek-ai/dsh-invariants@0.1.0-rc.7(@deepseek-ai/cordis@4.0.1))
      '@deepseek-ai/dsh-invariants': 0.1.0-rc.7(@deepseek-ai/cordis@4.0.1)
      '@deepseek-ai/dsh-llm': 0.1.0-rc.7(@deepseek-ai/cordis@4.0.1)(@deepseek-ai/dsh-attachment@0.1.0-rc.7(@deepseek-ai/cordis@4.0.1)(@deepseek-ai/dsh-brand@0.1.0-rc.7(@deepseek-ai/cordis@4.0.1)(@deepseek-ai/dsh-invariants@0.1.0-rc.7(@deepseek-ai/cordis@4.0.1)))(@deepseek-ai/dsh-invariants@0.1.0-rc.7(@deepseek-ai/cordis@4.0.1)))(@deepseek-ai/dsh-brand@0.1.0-rc.7(@deepseek-ai/cordis@4.0.1)(@deepseek-ai/dsh-invariants@0.1.0-rc.7(@deepseek-ai/cordis@4.0.1)))(@deepseek-ai/dsh-invariants@0.1.0-rc.7(@deepseek-ai/cordis@4.0.1))(@deepseek-ai/dsh-timeout@0.1.0-rc.7(@deepseek-ai/cordis@4.0.1)(@deepseek-ai/dsh-invariants@0.1.0-rc.7(@deepseek-ai/cordis@4.0.1)))
      '@deepseek-ai/dsh-scope': 0.1.0-rc.7(@deepseek-ai/cordis@4.0.1)(@deepseek-ai/dsh-invariants@0.1.0-rc.7(@deepseek-ai/cordis@4.0.1))
      '@deepseek-ai/dsh-session': 0.1.0-rc.7(1dcde9bfc9fa0140c66648fbcb67b346)
      '@deepseek-ai/dsh-system-prompt': 0.1.0-rc.7(@deepseek-ai/cordis@4.0.1)(@deepseek-ai/dsh-invariants@0.1.0-rc.7(@deepseek-ai/cordis@4.0.1))(@deepseek-ai/dsh-llm@0.1.0-rc.7(@deepseek-ai/cordis@4.0.1)(@deepseek-ai/dsh-attachment@0.1.0-rc.7(@deepseek-ai/cordis@4.0.1)(@deepseek-ai/dsh-brand@0.1.0-rc.7(@deepseek-ai/cordis@4.0.1)(@deepseek-ai/dsh-invariants@0.1.0-rc.7(@deepseek-ai/cordis@4.0.1)))(@deepseek-ai/dsh-invariants@0.1.0-rc.7(@deepseek-ai/cordis@4.0.1)))(@deepseek-ai/dsh-brand@0.1.0-rc.7(@deepseek-ai/cordis@4.0.1)(@deepseek-ai/dsh-invariants@0.1.0-rc.7(@deepseek-ai/cordis@4.0.1)))(@deepseek-ai/dsh-invariants@0.1.0-rc.7(@deepseek-ai/cordis@4.0.1))(@deepseek-ai/dsh-timeout@0.1.0-rc.7(@deepseek-ai/cordis@4.0.1)(@deepseek-ai/dsh-invariants@0.1.0-rc.7(@deepseek-ai/cordis@4.0.1))))(@deepseek-ai/dsh-scope@0.1.0-rc.7(@deepseek-ai/cordis@4.0.1)(@deepseek-ai/dsh-invariants@0.1.0-rc.7(@deepseek-ai/cordis@4.0.1)))
      '@deepseek-ai/schemastery': 3.18.1

  '@deepseek-ai/schemastery@3.18.1':
    dependencies:
      '@deepseek-ai/cosmokit': 1.8.2
      '@standard-schema/spec': 1.1.0

  '@firecrawl/anydoc-darwin-arm64@0.1.9':
    optional: true

  '@firecrawl/anydoc-darwin-x64@0.1.9':
    optional: true

  '@firecrawl/anydoc-linux-arm64-gnu@0.1.9':
    optional: true

  '@firecrawl/anydoc-linux-arm64-musl@0.1.9':
    optional: true

  '@firecrawl/anydoc-linux-x64-gnu@0.1.9':
    optional: true

  '@firecrawl/anydoc-linux-x64-musl@0.1.9':
    optional: true

  '@firecrawl/anydoc-win32-x64-msvc@0.1.9':
    optional: true

  '@firecrawl/anydoc@0.1.9':
    optionalDependencies:
      '@firecrawl/anydoc-darwin-arm64': 0.1.9
      '@firecrawl/anydoc-darwin-x64': 0.1.9
      '@firecrawl/anydoc-linux-arm64-gnu': 0.1.9
      '@firecrawl/anydoc-linux-arm64-musl': 0.1.9
      '@firecrawl/anydoc-linux-x64-gnu': 0.1.9
      '@firecrawl/anydoc-linux-x64-musl': 0.1.9
      '@firecrawl/anydoc-win32-x64-msvc': 0.1.9

  '@standard-schema/spec@1.1.0': {}
